
Microsoft Visual Studio Solution File, Format Version 12.00
# Visual Studio Express 2012 for Windows Desktop
Project("{FAE04EC0-301F-11D3-BF4B-00C04F79EFBC}") = "EFS", "EFS\EFS.csproj", "{5E1D1122-2E13-4565-9D97-C0C59CE0B526}"
EndProject
Global
	GlobalSection(SolutionConfigurationPlatforms) = preSolution
		Debug|Any CPU = Debug|Any CPU
		Release|Any CPU = Release|Any CPU
	EndGlobalSection
	GlobalSection(ProjectConfigurationPlatforms) = postSolution
		{5E1D1122-2E13-4565-9D97-C0C59CE0B526}.Debug|Any CPU.ActiveCfg = Debug|Any CPU
		{5E1D1122-2E13-4565-9D97-C0C59CE0B526}.Debug|Any CPU.Build.0 = Debug|Any CPU
		{5E1D1122-2E13-4565-9D97-C0C59CE0B526}.Release|Any CPU.ActiveCfg = Release|Any CPU
		{5E1D1122-2E13-4565-9D97-C0C59CE0B526}.Release|Any CPU.Build.0 = Release|Any CPU
	EndGlobalSection
	GlobalSection(SolutionProperties) = preSolution
		HideSolutionNode = FALSE
	EndGlobalSection
EndGlobal
